name: 'Terraform UNLOCK'

on:
  workflow_dispatch:
    inputs:
      TF_LOCK_ID:
        required: true
        type: string
        description: "UUID, the lock id to unlock, from the error message"
    
permissions:
  id-token: write
  contents: read

jobs:
  destroy:
    name: 'Terraform Destroy'
    runs-on: ubuntu-latest

    steps:
      # Checkout the repository
      - name: Checkout
        uses: actions/checkout@v2

      # Setup Terraform
      - name: Setup Terraform
        uses: hashicorp/setup-terraform@v1
      
      - uses: 'google-github-actions/auth@v2'
        with:
          project_id: 'friendly-brand-441407-b4'
          workload_identity_provider: 'projects/475047423340/locations/global/workloadIdentityPools/terrafom-pool-id/providers/github-oidc-provider'
          service_account: 'terraform-sa@friendly-brand-441407-b4.iam.gserviceaccount.com'

      # Terraform Cleanup
      - name: Terraform Cleanup
        run: rm -rf .terraform

        # Unlock Terraform
      - name: Unlock Terraform
        run: terraform force-unlock -force '${{ inputs.TF_LOCK_ID }}'